<Solution>
  <Folder Name="/src/" />
  <Folder Name="/src/Client/">
    <Project Path="src/Client/VendorManagementSystem.Client.csproj" />
  </Folder>
  <Folder Name="/src/Server/">
    <Project Path="src/Server/VendorManagementSystem.Server.csproj" />
  </Folder>
  <Folder Name="/src/Shared/">
    <Project Path="src/Shared/VendorManagementSystem.Shared.csproj" />
  </Folder>
</Solution>
